
Microsoft Visual Studio Solution File, Format Version 12.00
# Visual Studio Version 17
VisualStudioVersion = 17.0.31903.59
MinimumVisualStudioVersion = 10.0.40219.1
Project("{FAE04EC0-301F-11D3-BF4B-00C04F79EFBC}") = "HydraDesktop.Linux", "HydraDesktop.Linux\HydraDesktop.Linux.csproj", "{3212D5B0-04D9-4EE2-9159-887C314B1F7C}"
EndProject
Project("{FAE04EC0-301F-11D3-BF4B-00C04F79EFBC}") = "HydraTerminal", "..\core\terminal\HydraTerminal\HydraTerminal.csproj", "{5520620E-CEB7-49DC-B6B6-0F594B0DCCB2}"
EndProject
Project("{FAE04EC0-301F-11D3-BF4B-00C04F79EFBC}") = "HydraDesktop", "HydraDesktop\HydraDesktop.csproj", "{4E081052-3CB9-47B1-9BE6-7BBD23058F66}"
EndProject
Global
	GlobalSection(SolutionConfigurationPlatforms) = preSolution
		Debug|Any CPU = Debug|Any CPU
		Debug|x64 = Debug|x64
		Debug|x86 = Debug|x86
		Release|Any CPU = Release|Any CPU
		Release|x64 = Release|x64
		Release|x86 = Release|x86
	EndGlobalSection
	GlobalSection(ProjectConfigurationPlatforms) = postSolution
		{3212D5B0-04D9-4EE2-9159-887C314B1F7C}.Debug|Any CPU.ActiveCfg = Debug|Any CPU
		{3212D5B0-04D9-4EE2-9159-887C314B1F7C}.Debug|Any CPU.Build.0 = Debug|Any CPU
		{3212D5B0-04D9-4EE2-9159-887C314B1F7C}.Debug|x64.ActiveCfg = Debug|Any CPU
		{3212D5B0-04D9-4EE2-9159-887C314B1F7C}.Debug|x64.Build.0 = Debug|Any CPU
		{3212D5B0-04D9-4EE2-9159-887C314B1F7C}.Debug|x86.ActiveCfg = Debug|Any CPU
		{3212D5B0-04D9-4EE2-9159-887C314B1F7C}.Debug|x86.Build.0 = Debug|Any CPU
		{3212D5B0-04D9-4EE2-9159-887C314B1F7C}.Release|Any CPU.ActiveCfg = Release|Any CPU
		{3212D5B0-04D9-4EE2-9159-887C314B1F7C}.Release|Any CPU.Build.0 = Release|Any CPU
		{3212D5B0-04D9-4EE2-9159-887C314B1F7C}.Release|x64.ActiveCfg = Release|Any CPU
		{3212D5B0-04D9-4EE2-9159-887C314B1F7C}.Release|x64.Build.0 = Release|Any CPU
		{3212D5B0-04D9-4EE2-9159-887C314B1F7C}.Release|x86.ActiveCfg = Release|Any CPU
		{3212D5B0-04D9-4EE2-9159-887C314B1F7C}.Release|x86.Build.0 = Release|Any CPU
		{5520620E-CEB7-49DC-B6B6-0F594B0DCCB2}.Debug|Any CPU.ActiveCfg = Debug|Any CPU
		{5520620E-CEB7-49DC-B6B6-0F594B0DCCB2}.Debug|Any CPU.Build.0 = Debug|Any CPU
		{5520620E-CEB7-49DC-B6B6-0F594B0DCCB2}.Debug|x64.ActiveCfg = Debug|Any CPU
		{5520620E-CEB7-49DC-B6B6-0F594B0DCCB2}.Debug|x64.Build.0 = Debug|Any CPU
		{5520620E-CEB7-49DC-B6B6-0F594B0DCCB2}.Debug|x86.ActiveCfg = Debug|Any CPU
		{5520620E-CEB7-49DC-B6B6-0F594B0DCCB2}.Debug|x86.Build.0 = Debug|Any CPU
		{5520620E-CEB7-49DC-B6B6-0F594B0DCCB2}.Release|Any CPU.ActiveCfg = Release|Any CPU
		{5520620E-CEB7-49DC-B6B6-0F594B0DCCB2}.Release|Any CPU.Build.0 = Release|Any CPU
		{5520620E-CEB7-49DC-B6B6-0F594B0DCCB2}.Release|x64.ActiveCfg = Release|Any CPU
		{5520620E-CEB7-49DC-B6B6-0F594B0DCCB2}.Release|x64.Build.0 = Release|Any CPU
		{5520620E-CEB7-49DC-B6B6-0F594B0DCCB2}.Release|x86.ActiveCfg = Release|Any CPU
		{5520620E-CEB7-49DC-B6B6-0F594B0DCCB2}.Release|x86.Build.0 = Release|Any CPU
		{4E081052-3CB9-47B1-9BE6-7BBD23058F66}.Debug|Any CPU.ActiveCfg = Debug|Any CPU
		{4E081052-3CB9-47B1-9BE6-7BBD23058F66}.Debug|Any CPU.Build.0 = Debug|Any CPU
		{4E081052-3CB9-47B1-9BE6-7BBD23058F66}.Debug|x64.ActiveCfg = Debug|Any CPU
		{4E081052-3CB9-47B1-9BE6-7BBD23058F66}.Debug|x64.Build.0 = Debug|Any CPU
		{4E081052-3CB9-47B1-9BE6-7BBD23058F66}.Debug|x86.ActiveCfg = Debug|Any CPU
		{4E081052-3CB9-47B1-9BE6-7BBD23058F66}.Debug|x86.Build.0 = Debug|Any CPU
		{4E081052-3CB9-47B1-9BE6-7BBD23058F66}.Release|Any CPU.ActiveCfg = Release|Any CPU
		{4E081052-3CB9-47B1-9BE6-7BBD23058F66}.Release|Any CPU.Build.0 = Release|Any CPU
		{4E081052-3CB9-47B1-9BE6-7BBD23058F66}.Release|x64.ActiveCfg = Release|Any CPU
		{4E081052-3CB9-47B1-9BE6-7BBD23058F66}.Release|x64.Build.0 = Release|Any CPU
		{4E081052-3CB9-47B1-9BE6-7BBD23058F66}.Release|x86.ActiveCfg = Release|Any CPU
		{4E081052-3CB9-47B1-9BE6-7BBD23058F66}.Release|x86.Build.0 = Release|Any CPU
	EndGlobalSection
	GlobalSection(SolutionProperties) = preSolution
		HideSolutionNode = FALSE
	EndGlobalSection
EndGlobal
